
Microsoft Visual Studio Solution File, Format Version 12.00
# Visual Studio Version 17
VisualStudioVersion = 17.0.31903.59
MinimumVisualStudioVersion = 10.0.40219.1
Project("{2150E333-8FDC-42A3-9474-1A3956D46DE8}") = "src", "src", "{827E0CD3-B72D-47B6-A68D-7590B98EB39B}"
EndProject
Project("{FAE04EC0-301F-11D3-BF4B-00C04F79EFBC}") = "UnityRuntimeAnalysisAgent.Api", "src\UnityRuntimeAnalysisAgent.Api\UnityRuntimeAnalysisAgent.Api.csproj", "{FB5DB782-6CE3-4320-9079-3535A93DF1F8}"
EndProject
Project("{FAE04EC0-301F-11D3-BF4B-00C04F79EFBC}") = "UnityRuntimeAnalysisAgent.BepInEx5", "src\UnityRuntimeAnalysisAgent.BepInEx5\UnityRuntimeAnalysisAgent.BepInEx5.csproj", "{D7530C85-32DE-430D-956B-933576A56519}"
EndProject
Project("{FAE04EC0-301F-11D3-BF4B-00C04F79EFBC}") = "UnityRuntimeAnalysisAgent.Core", "src\UnityRuntimeAnalysisAgent.Core\UnityRuntimeAnalysisAgent.Core.csproj", "{03DDF97D-940D-4224-93FF-486C9EED2922}"
EndProject
Project("{FAE04EC0-301F-11D3-BF4B-00C04F79EFBC}") = "UnityRuntimeAnalysisAgent.Unity", "src\UnityRuntimeAnalysisAgent.Unity\UnityRuntimeAnalysisAgent.Unity.csproj", "{6FBED3FA-3E6E-466A-98CA-706F93DA7067}"
EndProject
Project("{FAE04EC0-301F-11D3-BF4B-00C04F79EFBC}") = "UnityRuntimeAnalysisAgent.Overlay", "src\UnityRuntimeAnalysisAgent.Overlay\UnityRuntimeAnalysisAgent.Overlay.csproj", "{4AD7D854-5F2F-4D11-B408-3CDD1C7F3CA6}"
EndProject
Project("{2150E333-8FDC-42A3-9474-1A3956D46DE8}") = "tests", "tests", "{0AB3BF05-4346-4AA6-1389-037BE0695223}"
EndProject
Project("{FAE04EC0-301F-11D3-BF4B-00C04F79EFBC}") = "UnityRuntimeAnalysisAgent.Api.Tests", "tests\UnityRuntimeAnalysisAgent.Api.Tests\UnityRuntimeAnalysisAgent.Api.Tests.csproj", "{F584D855-F332-41CC-91B8-05E963A94D02}"
EndProject
Project("{FAE04EC0-301F-11D3-BF4B-00C04F79EFBC}") = "UnityRuntimeAnalysisAgent.Core.Tests", "tests\UnityRuntimeAnalysisAgent.Core.Tests\UnityRuntimeAnalysisAgent.Core.Tests.csproj", "{74DC29D0-8F6B-480F-A617-DC36800968D3}"
EndProject
Project("{FAE04EC0-301F-11D3-BF4B-00C04F79EFBC}") = "UnityRuntimeAnalysisAgent.Protocol.Tests", "tests\UnityRuntimeAnalysisAgent.Protocol.Tests\UnityRuntimeAnalysisAgent.Protocol.Tests.csproj", "{28236E93-D656-49AC-B7AE-D209AEEB677C}"
EndProject
Project("{2150E333-8FDC-42A3-9474-1A3956D46DE8}") = "tools", "tools", "{07C2787E-EAC7-C090-1BA3-A61EC2A24D84}"
EndProject
Project("{FAE04EC0-301F-11D3-BF4B-00C04F79EFBC}") = "AgentConsole", "tools\AgentConsole\AgentConsole.csproj", "{A6355B6E-AF68-48E5-94F0-B100AA5ED102}"
EndProject
Project("{2150E333-8FDC-42A3-9474-1A3956D46DE8}") = "external", "external", "{A288BEE0-695A-BEEA-455C-649571D89326}"
EndProject
Project("{FAE04EC0-301F-11D3-BF4B-00C04F79EFBC}") = "UnityLudometry.Protocol", "external\protocol\protocol\csharp\UnityLudometry.Protocol\UnityLudometry.Protocol.csproj", "{480FB56E-9946-46B9-A4EC-FA248ECEDE33}"
EndProject
Project("{FAE04EC0-301F-11D3-BF4B-00C04F79EFBC}") = "UnityLudometry.Protocol.Conformance", "external\protocol\protocol\csharp\UnityLudometry.Protocol.Conformance\UnityLudometry.Protocol.Conformance.csproj", "{0CB467C3-604F-46E1-9445-517E06659091}"
EndProject
Project("{FAE04EC0-301F-11D3-BF4B-00C04F79EFBC}") = "AgentClient", "tools\AgentClient\AgentClient.csproj", "{86022D00-A3B3-4F8E-ABBF-69863D85AB2D}"
EndProject
Project("{2150E333-8FDC-42A3-9474-1A3956D46DE8}") = "build", "build", "{DEE5DD87-39C1-BF34-B639-A387DCCF972B}"
EndProject
Project("{FAE04EC0-301F-11D3-BF4B-00C04F79EFBC}") = "Packager", "build\Packager\Packager.csproj", "{FE390443-8EA7-4293-BC6F-C168A8C89885}"
EndProject
Project("{FAE04EC0-301F-11D3-BF4B-00C04F79EFBC}") = "UnityRuntimeAnalysisAgent.TestAssemblies", "tests\UnityRuntimeAnalysisAgent.TestAssemblies\UnityRuntimeAnalysisAgent.TestAssemblies.csproj", "{99524F2B-D284-4D03-B906-1DC694C1B6D6}"
EndProject
Project("{FAE04EC0-301F-11D3-BF4B-00C04F79EFBC}") = "UnityRuntimeAnalysisAgent.TestAssemblies.Missing", "tests\UnityRuntimeAnalysisAgent.TestAssemblies.Missing\UnityRuntimeAnalysisAgent.TestAssemblies.Missing.csproj", "{CA97DC86-ABF9-40FB-8E90-19C823E1F6B6}"
EndProject
Project("{FAE04EC0-301F-11D3-BF4B-00C04F79EFBC}") = "UnityRuntimeAnalysisAgent.TestAssemblies.Broken", "tests\UnityRuntimeAnalysisAgent.TestAssemblies.Broken\UnityRuntimeAnalysisAgent.TestAssemblies.Broken.csproj", "{8468292A-39DD-4F9B-BDD8-5A056B2D9A00}"
EndProject
Global
	GlobalSection(SolutionConfigurationPlatforms) = preSolution
		Debug|Any CPU = Debug|Any CPU
		Debug|x64 = Debug|x64
		Debug|x86 = Debug|x86
		Release|Any CPU = Release|Any CPU
		Release|x64 = Release|x64
		Release|x86 = Release|x86
	EndGlobalSection
	GlobalSection(ProjectConfigurationPlatforms) = postSolution
		{FB5DB782-6CE3-4320-9079-3535A93DF1F8}.Debug|Any CPU.ActiveCfg = Debug|Any CPU
		{FB5DB782-6CE3-4320-9079-3535A93DF1F8}.Debug|Any CPU.Build.0 = Debug|Any CPU
		{FB5DB782-6CE3-4320-9079-3535A93DF1F8}.Debug|x64.ActiveCfg = Debug|Any CPU
		{FB5DB782-6CE3-4320-9079-3535A93DF1F8}.Debug|x64.Build.0 = Debug|Any CPU
		{FB5DB782-6CE3-4320-9079-3535A93DF1F8}.Debug|x86.ActiveCfg = Debug|Any CPU
		{FB5DB782-6CE3-4320-9079-3535A93DF1F8}.Debug|x86.Build.0 = Debug|Any CPU
		{FB5DB782-6CE3-4320-9079-3535A93DF1F8}.Release|Any CPU.ActiveCfg = Release|Any CPU
		{FB5DB782-6CE3-4320-9079-3535A93DF1F8}.Release|Any CPU.Build.0 = Release|Any CPU
		{FB5DB782-6CE3-4320-9079-3535A93DF1F8}.Release|x64.ActiveCfg = Release|Any CPU
		{FB5DB782-6CE3-4320-9079-3535A93DF1F8}.Release|x64.Build.0 = Release|Any CPU
		{FB5DB782-6CE3-4320-9079-3535A93DF1F8}.Release|x86.ActiveCfg = Release|Any CPU
		{FB5DB782-6CE3-4320-9079-3535A93DF1F8}.Release|x86.Build.0 = Release|Any CPU
		{D7530C85-32DE-430D-956B-933576A56519}.Debug|Any CPU.ActiveCfg = Debug|Any CPU
		{D7530C85-32DE-430D-956B-933576A56519}.Debug|Any CPU.Build.0 = Debug|Any CPU
		{D7530C85-32DE-430D-956B-933576A56519}.Debug|x64.ActiveCfg = Debug|Any CPU
		{D7530C85-32DE-430D-956B-933576A56519}.Debug|x64.Build.0 = Debug|Any CPU
		{D7530C85-32DE-430D-956B-933576A56519}.Debug|x86.ActiveCfg = Debug|Any CPU
		{D7530C85-32DE-430D-956B-933576A56519}.Debug|x86.Build.0 = Debug|Any CPU
		{D7530C85-32DE-430D-956B-933576A56519}.Release|Any CPU.ActiveCfg = Release|Any CPU
		{D7530C85-32DE-430D-956B-933576A56519}.Release|Any CPU.Build.0 = Release|Any CPU
		{D7530C85-32DE-430D-956B-933576A56519}.Release|x64.ActiveCfg = Release|Any CPU
		{D7530C85-32DE-430D-956B-933576A56519}.Release|x64.Build.0 = Release|Any CPU
		{D7530C85-32DE-430D-956B-933576A56519}.Release|x86.ActiveCfg = Release|Any CPU
		{D7530C85-32DE-430D-956B-933576A56519}.Release|x86.Build.0 = Release|Any CPU
		{03DDF97D-940D-4224-93FF-486C9EED2922}.Debug|Any CPU.ActiveCfg = Debug|Any CPU
		{03DDF97D-940D-4224-93FF-486C9EED2922}.Debug|Any CPU.Build.0 = Debug|Any CPU
		{03DDF97D-940D-4224-93FF-486C9EED2922}.Debug|x64.ActiveCfg = Debug|Any CPU
		{03DDF97D-940D-4224-93FF-486C9EED2922}.Debug|x64.Build.0 = Debug|Any CPU
		{03DDF97D-940D-4224-93FF-486C9EED2922}.Debug|x86.ActiveCfg = Debug|Any CPU
		{03DDF97D-940D-4224-93FF-486C9EED2922}.Debug|x86.Build.0 = Debug|Any CPU
		{03DDF97D-940D-4224-93FF-486C9EED2922}.Release|Any CPU.ActiveCfg = Release|Any CPU
		{03DDF97D-940D-4224-93FF-486C9EED2922}.Release|Any CPU.Build.0 = Release|Any CPU
		{03DDF97D-940D-4224-93FF-486C9EED2922}.Release|x64.ActiveCfg = Release|Any CPU
		{03DDF97D-940D-4224-93FF-486C9EED2922}.Release|x64.Build.0 = Release|Any CPU
		{03DDF97D-940D-4224-93FF-486C9EED2922}.Release|x86.ActiveCfg = Release|Any CPU
		{03DDF97D-940D-4224-93FF-486C9EED2922}.Release|x86.Build.0 = Release|Any CPU
		{6FBED3FA-3E6E-466A-98CA-706F93DA7067}.Debug|Any CPU.ActiveCfg = Debug|Any CPU
		{6FBED3FA-3E6E-466A-98CA-706F93DA7067}.Debug|Any CPU.Build.0 = Debug|Any CPU
		{6FBED3FA-3E6E-466A-98CA-706F93DA7067}.Debug|x64.ActiveCfg = Debug|Any CPU
		{6FBED3FA-3E6E-466A-98CA-706F93DA7067}.Debug|x64.Build.0 = Debug|Any CPU
		{6FBED3FA-3E6E-466A-98CA-706F93DA7067}.Debug|x86.ActiveCfg = Debug|Any CPU
		{6FBED3FA-3E6E-466A-98CA-706F93DA7067}.Debug|x86.Build.0 = Debug|Any CPU
		{6FBED3FA-3E6E-466A-98CA-706F93DA7067}.Release|Any CPU.ActiveCfg = Release|Any CPU
		{6FBED3FA-3E6E-466A-98CA-706F93DA7067}.Release|Any CPU.Build.0 = Release|Any CPU
		{6FBED3FA-3E6E-466A-98CA-706F93DA7067}.Release|x64.ActiveCfg = Release|Any CPU
		{6FBED3FA-3E6E-466A-98CA-706F93DA7067}.Release|x64.Build.0 = Release|Any CPU
		{6FBED3FA-3E6E-466A-98CA-706F93DA7067}.Release|x86.ActiveCfg = Release|Any CPU
		{6FBED3FA-3E6E-466A-98CA-706F93DA7067}.Release|x86.Build.0 = Release|Any CPU
		{4AD7D854-5F2F-4D11-B408-3CDD1C7F3CA6}.Debug|Any CPU.ActiveCfg = Debug|Any CPU
		{4AD7D854-5F2F-4D11-B408-3CDD1C7F3CA6}.Debug|Any CPU.Build.0 = Debug|Any CPU
		{4AD7D854-5F2F-4D11-B408-3CDD1C7F3CA6}.Debug|x64.ActiveCfg = Debug|Any CPU
		{4AD7D854-5F2F-4D11-B408-3CDD1C7F3CA6}.Debug|x64.Build.0 = Debug|Any CPU
		{4AD7D854-5F2F-4D11-B408-3CDD1C7F3CA6}.Debug|x86.ActiveCfg = Debug|Any CPU
		{4AD7D854-5F2F-4D11-B408-3CDD1C7F3CA6}.Debug|x86.Build.0 = Debug|Any CPU
		{4AD7D854-5F2F-4D11-B408-3CDD1C7F3CA6}.Release|Any CPU.ActiveCfg = Release|Any CPU
		{4AD7D854-5F2F-4D11-B408-3CDD1C7F3CA6}.Release|Any CPU.Build.0 = Release|Any CPU
		{4AD7D854-5F2F-4D11-B408-3CDD1C7F3CA6}.Release|x64.ActiveCfg = Release|Any CPU
		{4AD7D854-5F2F-4D11-B408-3CDD1C7F3CA6}.Release|x64.Build.0 = Release|Any CPU
		{4AD7D854-5F2F-4D11-B408-3CDD1C7F3CA6}.Release|x86.ActiveCfg = Release|Any CPU
		{4AD7D854-5F2F-4D11-B408-3CDD1C7F3CA6}.Release|x86.Build.0 = Release|Any CPU
		{F584D855-F332-41CC-91B8-05E963A94D02}.Debug|Any CPU.ActiveCfg = Debug|Any CPU
		{F584D855-F332-41CC-91B8-05E963A94D02}.Debug|Any CPU.Build.0 = Debug|Any CPU
		{F584D855-F332-41CC-91B8-05E963A94D02}.Debug|x64.ActiveCfg = Debug|Any CPU
		{F584D855-F332-41CC-91B8-05E963A94D02}.Debug|x64.Build.0 = Debug|Any CPU
		{F584D855-F332-41CC-91B8-05E963A94D02}.Debug|x86.ActiveCfg = Debug|Any CPU
		{F584D855-F332-41CC-91B8-05E963A94D02}.Debug|x86.Build.0 = Debug|Any CPU
		{F584D855-F332-41CC-91B8-05E963A94D02}.Release|Any CPU.ActiveCfg = Release|Any CPU
		{F584D855-F332-41CC-91B8-05E963A94D02}.Release|Any CPU.Build.0 = Release|Any CPU
		{F584D855-F332-41CC-91B8-05E963A94D02}.Release|x64.ActiveCfg = Release|Any CPU
		{F584D855-F332-41CC-91B8-05E963A94D02}.Release|x64.Build.0 = Release|Any CPU
		{F584D855-F332-41CC-91B8-05E963A94D02}.Release|x86.ActiveCfg = Release|Any CPU
		{F584D855-F332-41CC-91B8-05E963A94D02}.Release|x86.Build.0 = Release|Any CPU
		{74DC29D0-8F6B-480F-A617-DC36800968D3}.Debug|Any CPU.ActiveCfg = Debug|Any CPU
		{74DC29D0-8F6B-480F-A617-DC36800968D3}.Debug|Any CPU.Build.0 = Debug|Any CPU
		{74DC29D0-8F6B-480F-A617-DC36800968D3}.Debug|x64.ActiveCfg = Debug|Any CPU
		{74DC29D0-8F6B-480F-A617-DC36800968D3}.Debug|x64.Build.0 = Debug|Any CPU
		{74DC29D0-8F6B-480F-A617-DC36800968D3}.Debug|x86.ActiveCfg = Debug|Any CPU
		{74DC29D0-8F6B-480F-A617-DC36800968D3}.Debug|x86.Build.0 = Debug|Any CPU
		{74DC29D0-8F6B-480F-A617-DC36800968D3}.Release|Any CPU.ActiveCfg = Release|Any CPU
		{74DC29D0-8F6B-480F-A617-DC36800968D3}.Release|Any CPU.Build.0 = Release|Any CPU
		{74DC29D0-8F6B-480F-A617-DC36800968D3}.Release|x64.ActiveCfg = Release|Any CPU
		{74DC29D0-8F6B-480F-A617-DC36800968D3}.Release|x64.Build.0 = Release|Any CPU
		{74DC29D0-8F6B-480F-A617-DC36800968D3}.Release|x86.ActiveCfg = Release|Any CPU
		{74DC29D0-8F6B-480F-A617-DC36800968D3}.Release|x86.Build.0 = Release|Any CPU
		{28236E93-D656-49AC-B7AE-D209AEEB677C}.Debug|Any CPU.ActiveCfg = Debug|Any CPU
		{28236E93-D656-49AC-B7AE-D209AEEB677C}.Debug|Any CPU.Build.0 = Debug|Any CPU
		{28236E93-D656-49AC-B7AE-D209AEEB677C}.Debug|x64.ActiveCfg = Debug|Any CPU
		{28236E93-D656-49AC-B7AE-D209AEEB677C}.Debug|x64.Build.0 = Debug|Any CPU
		{28236E93-D656-49AC-B7AE-D209AEEB677C}.Debug|x86.ActiveCfg = Debug|Any CPU
		{28236E93-D656-49AC-B7AE-D209AEEB677C}.Debug|x86.Build.0 = Debug|Any CPU
		{28236E93-D656-49AC-B7AE-D209AEEB677C}.Release|Any CPU.ActiveCfg = Release|Any CPU
		{28236E93-D656-49AC-B7AE-D209AEEB677C}.Release|Any CPU.Build.0 = Release|Any CPU
		{28236E93-D656-49AC-B7AE-D209AEEB677C}.Release|x64.ActiveCfg = Release|Any CPU
		{28236E93-D656-49AC-B7AE-D209AEEB677C}.Release|x64.Build.0 = Release|Any CPU
		{28236E93-D656-49AC-B7AE-D209AEEB677C}.Release|x86.ActiveCfg = Release|Any CPU
		{28236E93-D656-49AC-B7AE-D209AEEB677C}.Release|x86.Build.0 = Release|Any CPU
		{A6355B6E-AF68-48E5-94F0-B100AA5ED102}.Debug|Any CPU.ActiveCfg = Debug|Any CPU
		{A6355B6E-AF68-48E5-94F0-B100AA5ED102}.Debug|Any CPU.Build.0 = Debug|Any CPU
		{A6355B6E-AF68-48E5-94F0-B100AA5ED102}.Debug|x64.ActiveCfg = Debug|Any CPU
		{A6355B6E-AF68-48E5-94F0-B100AA5ED102}.Debug|x64.Build.0 = Debug|Any CPU
		{A6355B6E-AF68-48E5-94F0-B100AA5ED102}.Debug|x86.ActiveCfg = Debug|Any CPU
		{A6355B6E-AF68-48E5-94F0-B100AA5ED102}.Debug|x86.Build.0 = Debug|Any CPU
		{A6355B6E-AF68-48E5-94F0-B100AA5ED102}.Release|Any CPU.ActiveCfg = Release|Any CPU
		{A6355B6E-AF68-48E5-94F0-B100AA5ED102}.Release|Any CPU.Build.0 = Release|Any CPU
		{A6355B6E-AF68-48E5-94F0-B100AA5ED102}.Release|x64.ActiveCfg = Release|Any CPU
		{A6355B6E-AF68-48E5-94F0-B100AA5ED102}.Release|x64.Build.0 = Release|Any CPU
		{A6355B6E-AF68-48E5-94F0-B100AA5ED102}.Release|x86.ActiveCfg = Release|Any CPU
		{A6355B6E-AF68-48E5-94F0-B100AA5ED102}.Release|x86.Build.0 = Release|Any CPU
		{480FB56E-9946-46B9-A4EC-FA248ECEDE33}.Debug|Any CPU.ActiveCfg = Debug|Any CPU
		{480FB56E-9946-46B9-A4EC-FA248ECEDE33}.Debug|Any CPU.Build.0 = Debug|Any CPU
		{480FB56E-9946-46B9-A4EC-FA248ECEDE33}.Debug|x64.ActiveCfg = Debug|Any CPU
		{480FB56E-9946-46B9-A4EC-FA248ECEDE33}.Debug|x64.Build.0 = Debug|Any CPU
		{480FB56E-9946-46B9-A4EC-FA248ECEDE33}.Debug|x86.ActiveCfg = Debug|Any CPU
		{480FB56E-9946-46B9-A4EC-FA248ECEDE33}.Debug|x86.Build.0 = Debug|Any CPU
		{480FB56E-9946-46B9-A4EC-FA248ECEDE33}.Release|Any CPU.ActiveCfg = Release|Any CPU
		{480FB56E-9946-46B9-A4EC-FA248ECEDE33}.Release|Any CPU.Build.0 = Release|Any CPU
		{480FB56E-9946-46B9-A4EC-FA248ECEDE33}.Release|x64.ActiveCfg = Release|Any CPU
		{480FB56E-9946-46B9-A4EC-FA248ECEDE33}.Release|x64.Build.0 = Release|Any CPU
		{480FB56E-9946-46B9-A4EC-FA248ECEDE33}.Release|x86.ActiveCfg = Release|Any CPU
		{480FB56E-9946-46B9-A4EC-FA248ECEDE33}.Release|x86.Build.0 = Release|Any CPU
		{0CB467C3-604F-46E1-9445-517E06659091}.Debug|Any CPU.ActiveCfg = Debug|Any CPU
		{0CB467C3-604F-46E1-9445-517E06659091}.Debug|Any CPU.Build.0 = Debug|Any CPU
		{0CB467C3-604F-46E1-9445-517E06659091}.Debug|x64.ActiveCfg = Debug|Any CPU
		{0CB467C3-604F-46E1-9445-517E06659091}.Debug|x64.Build.0 = Debug|Any CPU
		{0CB467C3-604F-46E1-9445-517E06659091}.Debug|x86.ActiveCfg = Debug|Any CPU
		{0CB467C3-604F-46E1-9445-517E06659091}.Debug|x86.Build.0 = Debug|Any CPU
		{0CB467C3-604F-46E1-9445-517E06659091}.Release|Any CPU.ActiveCfg = Release|Any CPU
		{0CB467C3-604F-46E1-9445-517E06659091}.Release|Any CPU.Build.0 = Release|Any CPU
		{0CB467C3-604F-46E1-9445-517E06659091}.Release|x64.ActiveCfg = Release|Any CPU
		{0CB467C3-604F-46E1-9445-517E06659091}.Release|x64.Build.0 = Release|Any CPU
		{0CB467C3-604F-46E1-9445-517E06659091}.Release|x86.ActiveCfg = Release|Any CPU
		{0CB467C3-604F-46E1-9445-517E06659091}.Release|x86.Build.0 = Release|Any CPU
		{86022D00-A3B3-4F8E-ABBF-69863D85AB2D}.Debug|Any CPU.ActiveCfg = Debug|Any CPU
		{86022D00-A3B3-4F8E-ABBF-69863D85AB2D}.Debug|Any CPU.Build.0 = Debug|Any CPU
		{86022D00-A3B3-4F8E-ABBF-69863D85AB2D}.Debug|x64.ActiveCfg = Debug|Any CPU
		{86022D00-A3B3-4F8E-ABBF-69863D85AB2D}.Debug|x64.Build.0 = Debug|Any CPU
		{86022D00-A3B3-4F8E-ABBF-69863D85AB2D}.Debug|x86.ActiveCfg = Debug|Any CPU
		{86022D00-A3B3-4F8E-ABBF-69863D85AB2D}.Debug|x86.Build.0 = Debug|Any CPU
		{86022D00-A3B3-4F8E-ABBF-69863D85AB2D}.Release|Any CPU.ActiveCfg = Release|Any CPU
		{86022D00-A3B3-4F8E-ABBF-69863D85AB2D}.Release|Any CPU.Build.0 = Release|Any CPU
		{86022D00-A3B3-4F8E-ABBF-69863D85AB2D}.Release|x64.ActiveCfg = Release|Any CPU
		{86022D00-A3B3-4F8E-ABBF-69863D85AB2D}.Release|x64.Build.0 = Release|Any CPU
		{86022D00-A3B3-4F8E-ABBF-69863D85AB2D}.Release|x86.ActiveCfg = Release|Any CPU
		{86022D00-A3B3-4F8E-ABBF-69863D85AB2D}.Release|x86.Build.0 = Release|Any CPU
		{FE390443-8EA7-4293-BC6F-C168A8C89885}.Debug|Any CPU.ActiveCfg = Debug|Any CPU
		{FE390443-8EA7-4293-BC6F-C168A8C89885}.Debug|Any CPU.Build.0 = Debug|Any CPU
		{FE390443-8EA7-4293-BC6F-C168A8C89885}.Debug|x64.ActiveCfg = Debug|Any CPU
		{FE390443-8EA7-4293-BC6F-C168A8C89885}.Debug|x64.Build.0 = Debug|Any CPU
		{FE390443-8EA7-4293-BC6F-C168A8C89885}.Debug|x86.ActiveCfg = Debug|Any CPU
		{FE390443-8EA7-4293-BC6F-C168A8C89885}.Debug|x86.Build.0 = Debug|Any CPU
		{FE390443-8EA7-4293-BC6F-C168A8C89885}.Release|Any CPU.ActiveCfg = Release|Any CPU
		{FE390443-8EA7-4293-BC6F-C168A8C89885}.Release|Any CPU.Build.0 = Release|Any CPU
		{FE390443-8EA7-4293-BC6F-C168A8C89885}.Release|x64.ActiveCfg = Release|Any CPU
		{FE390443-8EA7-4293-BC6F-C168A8C89885}.Release|x64.Build.0 = Release|Any CPU
		{FE390443-8EA7-4293-BC6F-C168A8C89885}.Release|x86.ActiveCfg = Release|Any CPU
		{FE390443-8EA7-4293-BC6F-C168A8C89885}.Release|x86.Build.0 = Release|Any CPU
		{99524F2B-D284-4D03-B906-1DC694C1B6D6}.Debug|Any CPU.ActiveCfg = Debug|Any CPU
		{99524F2B-D284-4D03-B906-1DC694C1B6D6}.Debug|Any CPU.Build.0 = Debug|Any CPU
		{99524F2B-D284-4D03-B906-1DC694C1B6D6}.Debug|x64.ActiveCfg = Debug|Any CPU
		{99524F2B-D284-4D03-B906-1DC694C1B6D6}.Debug|x64.Build.0 = Debug|Any CPU
		{99524F2B-D284-4D03-B906-1DC694C1B6D6}.Debug|x86.ActiveCfg = Debug|Any CPU
		{99524F2B-D284-4D03-B906-1DC694C1B6D6}.Debug|x86.Build.0 = Debug|Any CPU
		{99524F2B-D284-4D03-B906-1DC694C1B6D6}.Release|Any CPU.ActiveCfg = Release|Any CPU
		{99524F2B-D284-4D03-B906-1DC694C1B6D6}.Release|Any CPU.Build.0 = Release|Any CPU
		{99524F2B-D284-4D03-B906-1DC694C1B6D6}.Release|x64.ActiveCfg = Release|Any CPU
		{99524F2B-D284-4D03-B906-1DC694C1B6D6}.Release|x64.Build.0 = Release|Any CPU
		{99524F2B-D284-4D03-B906-1DC694C1B6D6}.Release|x86.ActiveCfg = Release|Any CPU
		{99524F2B-D284-4D03-B906-1DC694C1B6D6}.Release|x86.Build.0 = Release|Any CPU
		{CA97DC86-ABF9-40FB-8E90-19C823E1F6B6}.Debug|Any CPU.ActiveCfg = Debug|Any CPU
		{CA97DC86-ABF9-40FB-8E90-19C823E1F6B6}.Debug|Any CPU.Build.0 = Debug|Any CPU
		{CA97DC86-ABF9-40FB-8E90-19C823E1F6B6}.Debug|x64.ActiveCfg = Debug|Any CPU
		{CA97DC86-ABF9-40FB-8E90-19C823E1F6B6}.Debug|x64.Build.0 = Debug|Any CPU
		{CA97DC86-ABF9-40FB-8E90-19C823E1F6B6}.Debug|x86.ActiveCfg = Debug|Any CPU
		{CA97DC86-ABF9-40FB-8E90-19C823E1F6B6}.Debug|x86.Build.0 = Debug|Any CPU
		{CA97DC86-ABF9-40FB-8E90-19C823E1F6B6}.Release|Any CPU.ActiveCfg = Release|Any CPU
		{CA97DC86-ABF9-40FB-8E90-19C823E1F6B6}.Release|Any CPU.Build.0 = Release|Any CPU
		{CA97DC86-ABF9-40FB-8E90-19C823E1F6B6}.Release|x64.ActiveCfg = Release|Any CPU
		{CA97DC86-ABF9-40FB-8E90-19C823E1F6B6}.Release|x64.Build.0 = Release|Any CPU
		{CA97DC86-ABF9-40FB-8E90-19C823E1F6B6}.Release|x86.ActiveCfg = Release|Any CPU
		{CA97DC86-ABF9-40FB-8E90-19C823E1F6B6}.Release|x86.Build.0 = Release|Any CPU
		{8468292A-39DD-4F9B-BDD8-5A056B2D9A00}.Debug|Any CPU.ActiveCfg = Debug|Any CPU
		{8468292A-39DD-4F9B-BDD8-5A056B2D9A00}.Debug|Any CPU.Build.0 = Debug|Any CPU
		{8468292A-39DD-4F9B-BDD8-5A056B2D9A00}.Debug|x64.ActiveCfg = Debug|Any CPU
		{8468292A-39DD-4F9B-BDD8-5A056B2D9A00}.Debug|x64.Build.0 = Debug|Any CPU
		{8468292A-39DD-4F9B-BDD8-5A056B2D9A00}.Debug|x86.ActiveCfg = Debug|Any CPU
		{8468292A-39DD-4F9B-BDD8-5A056B2D9A00}.Debug|x86.Build.0 = Debug|Any CPU
		{8468292A-39DD-4F9B-BDD8-5A056B2D9A00}.Release|Any CPU.ActiveCfg = Release|Any CPU
		{8468292A-39DD-4F9B-BDD8-5A056B2D9A00}.Release|Any CPU.Build.0 = Release|Any CPU
		{8468292A-39DD-4F9B-BDD8-5A056B2D9A00}.Release|x64.ActiveCfg = Release|Any CPU
		{8468292A-39DD-4F9B-BDD8-5A056B2D9A00}.Release|x64.Build.0 = Release|Any CPU
		{8468292A-39DD-4F9B-BDD8-5A056B2D9A00}.Release|x86.ActiveCfg = Release|Any CPU
		{8468292A-39DD-4F9B-BDD8-5A056B2D9A00}.Release|x86.Build.0 = Release|Any CPU
	EndGlobalSection
	GlobalSection(SolutionProperties) = preSolution
		HideSolutionNode = FALSE
	EndGlobalSection
	GlobalSection(NestedProjects) = preSolution
		{FB5DB782-6CE3-4320-9079-3535A93DF1F8} = {827E0CD3-B72D-47B6-A68D-7590B98EB39B}
		{D7530C85-32DE-430D-956B-933576A56519} = {827E0CD3-B72D-47B6-A68D-7590B98EB39B}
		{03DDF97D-940D-4224-93FF-486C9EED2922} = {827E0CD3-B72D-47B6-A68D-7590B98EB39B}
		{6FBED3FA-3E6E-466A-98CA-706F93DA7067} = {827E0CD3-B72D-47B6-A68D-7590B98EB39B}
		{4AD7D854-5F2F-4D11-B408-3CDD1C7F3CA6} = {827E0CD3-B72D-47B6-A68D-7590B98EB39B}
		{F584D855-F332-41CC-91B8-05E963A94D02} = {0AB3BF05-4346-4AA6-1389-037BE0695223}
		{74DC29D0-8F6B-480F-A617-DC36800968D3} = {0AB3BF05-4346-4AA6-1389-037BE0695223}
		{28236E93-D656-49AC-B7AE-D209AEEB677C} = {0AB3BF05-4346-4AA6-1389-037BE0695223}
		{A6355B6E-AF68-48E5-94F0-B100AA5ED102} = {07C2787E-EAC7-C090-1BA3-A61EC2A24D84}
		{480FB56E-9946-46B9-A4EC-FA248ECEDE33} = {A288BEE0-695A-BEEA-455C-649571D89326}
		{0CB467C3-604F-46E1-9445-517E06659091} = {A288BEE0-695A-BEEA-455C-649571D89326}
		{86022D00-A3B3-4F8E-ABBF-69863D85AB2D} = {07C2787E-EAC7-C090-1BA3-A61EC2A24D84}
		{FE390443-8EA7-4293-BC6F-C168A8C89885} = {DEE5DD87-39C1-BF34-B639-A387DCCF972B}
		{99524F2B-D284-4D03-B906-1DC694C1B6D6} = {0AB3BF05-4346-4AA6-1389-037BE0695223}
		{CA97DC86-ABF9-40FB-8E90-19C823E1F6B6} = {0AB3BF05-4346-4AA6-1389-037BE0695223}
		{8468292A-39DD-4F9B-BDD8-5A056B2D9A00} = {0AB3BF05-4346-4AA6-1389-037BE0695223}
	EndGlobalSection
EndGlobal
